// !$*UTF8*$!
{
	archiveVersion = 1;
	classes = {
	};
	objectVersion = 48;
	objects = {

/* Begin PBXBuildFile section */
		5A33EF6420A1A4F900814CE1 /* AppDelegate.m in Sources */ = {isa = PBXBuildFile; fileRef = 5A33EF6320A1A4F900814CE1 /* AppDelegate.m */; };
		5A33EF6720A1A4F900814CE1 /* ViewController.m in Sources */ = {isa = PBXBuildFile; fileRef = 5A33EF6620A1A4F900814CE1 /* ViewController.m */; };
		5A33EF6C20A1A4F900814CE1 /* Assets.xcassets in Resources */ = {isa = PBXBuildFile; fileRef = 5A33EF6B20A1A4F900814CE1 /* Assets.xcassets */; };
		5A33EF6F20A1A4F900814CE1 /* LaunchScreen.storyboard in Resources */ = {isa = PBXBuildFile; fileRef = 5A33EF6D20A1A4F900814CE1 /* LaunchScreen.storyboard */; };
		5A33EF7220A1A4F900814CE1 /* main.m in Sources */ = {isa = PBXBuildFile; fileRef = 5A33EF7120A1A4F900814CE1 /* main.m */; };
		5A33EF7A20A1C48500814CE1 /* DemoClass.m in Sources */ = {isa = PBXBuildFile; fileRef = 5A33EF7920A1C48500814CE1 /* DemoClass.m */; };
		5A8176E920A1D08D005FAB2A /* ClassDemoController.m in Sources */ = {isa = PBXBuildFile; fileRef = 5A8176E820A1D08D005FAB2A /* ClassDemoController.m */; };
		5A8176EC20A1D9BE005FAB2A /* VarDemoViewController.m in Sources */ = {isa = PBXBuildFile; fileRef = 5A8176EB20A1D9BE005FAB2A /* VarDemoViewController.m */; };
		5A8176EF20A1DBE8005FAB2A /* MethodDemoViewController.m in Sources */ = {isa = PBXBuildFile; fileRef = 5A8176EE20A1DBE8005FAB2A /* MethodDemoViewController.m */; };
		5A8176F520A2A373005FAB2A /* MethodForwardDemoController.m in Sources */ = {isa = PBXBuildFile; fileRef = 5A8176F420A2A373005FAB2A /* MethodForwardDemoController.m */; };
		5A8176F820A2A38D005FAB2A /* MethodInvokeDemoController.m in Sources */ = {isa = PBXBuildFile; fileRef = 5A8176F720A2A38D005FAB2A /* MethodInvokeDemoController.m */; };
		5A8176FB20A2A787005FAB2A /* MethodInvokeClass.m in Sources */ = {isa = PBXBuildFile; fileRef = 5A8176FA20A2A787005FAB2A /* MethodInvokeClass.m */; };
/* End PBXBuildFile section */

/* Begin PBXFileReference section */
		5A33EF5F20A1A4F900814CE1 /* demo_OC.app */ = {isa = PBXFileReference; explicitFileType = wrapper.application; includeInIndex = 0; path = demo_OC.app; sourceTree = BUILT_PRODUCTS_DIR; };
		5A33EF6220A1A4F900814CE1 /* AppDelegate.h */ = {isa = PBXFileReference; lastKnownFileType = sourcecode.c.h; path = AppDelegate.h; sourceTree = "<group>"; };
		5A33EF6320A1A4F900814CE1 /* AppDelegate.m */ = {isa = PBXFileReference; lastKnownFileType = sourcecode.c.objc; path = AppDelegate.m; sourceTree = "<group>"; };
		5A33EF6520A1A4F900814CE1 /* ViewController.h */ = {isa = PBXFileReference; lastKnownFileType = sourcecode.c.h; path = ViewController.h; sourceTree = "<group>"; };
		5A33EF6620A1A4F900814CE1 /* ViewController.m */ = {isa = PBXFileReference; lastKnownFileType = sourcecode.c.objc; path = ViewController.m; sourceTree = "<group>"; };
		5A33EF6B20A1A4F900814CE1 /* Assets.xcassets */ = {isa = PBXFileReference; lastKnownFileType = folder.assetcatalog; path = Assets.xcassets; sourceTree = "<group>"; };
		5A33EF6E20A1A4F900814CE1 /* Base */ = {isa = PBXFileReference; lastKnownFileType = file.storyboard; name = Base; path = Base.lproj/LaunchScreen.storyboard; sourceTree = "<group>"; };
		5A33EF7020A1A4F900814CE1 /* Info.plist */ = {isa = PBXFileReference; lastKnownFileType = text.plist.xml; path = Info.plist; sourceTree = "<group>"; };
		5A33EF7120A1A4F900814CE1 /* main.m */ = {isa = PBXFileReference; lastKnownFileType = sourcecode.c.objc; path = main.m; sourceTree = "<group>"; };
		5A33EF7820A1C48500814CE1 /* DemoClass.h */ = {isa = PBXFileReference; lastKnownFileType = sourcecode.c.h; path = DemoClass.h; sourceTree = "<group>"; };
		5A33EF7920A1C48500814CE1 /* DemoClass.m */ = {isa = PBXFileReference; lastKnownFileType = sourcecode.c.objc; path = DemoClass.m; sourceTree = "<group>"; };
		5A8176E720A1D08D005FAB2A /* ClassDemoController.h */ = {isa = PBXFileReference; lastKnownFileType = sourcecode.c.h; path = ClassDemoController.h; sourceTree = "<group>"; };
		5A8176E820A1D08D005FAB2A /* ClassDemoController.m */ = {isa = PBXFileReference; lastKnownFileType = sourcecode.c.objc; path = ClassDemoController.m; sourceTree = "<group>"; };
		5A8176EA20A1D9BE005FAB2A /* VarDemoViewController.h */ = {isa = PBXFileReference; lastKnownFileType = sourcecode.c.h; path = VarDemoViewController.h; sourceTree = "<group>"; };
		5A8176EB20A1D9BE005FAB2A /* VarDemoViewController.m */ = {isa = PBXFileReference; lastKnownFileType = sourcecode.c.objc; path = VarDemoViewController.m; sourceTree = "<group>"; };
		5A8176ED20A1DBE8005FAB2A /* MethodDemoViewController.h */ = {isa = PBXFileReference; lastKnownFileType = sourcecode.c.h; path = MethodDemoViewController.h; sourceTree = "<group>"; };
		5A8176EE20A1DBE8005FAB2A /* MethodDemoViewController.m */ = {isa = PBXFileReference; lastKnownFileType = sourcecode.c.objc; path = MethodDemoViewController.m; sourceTree = "<group>"; };
		5A8176F320A2A373005FAB2A /* MethodForwardDemoController.h */ = {isa = PBXFileReference; lastKnownFileType = sourcecode.c.h; path = MethodForwardDemoController.h; sourceTree = "<group>"; };
		5A8176F420A2A373005FAB2A /* MethodForwardDemoController.m */ = {isa = PBXFileReference; lastKnownFileType = sourcecode.c.objc; path = MethodForwardDemoController.m; sourceTree = "<group>"; };
		5A8176F620A2A38D005FAB2A /* MethodInvokeDemoController.h */ = {isa = PBXFileReference; fileEncoding = 4; lastKnownFileType = sourcecode.c.h; path = MethodInvokeDemoController.h; sourceTree = "<group>"; };
		5A8176F720A2A38D005FAB2A /* MethodInvokeDemoController.m */ = {isa = PBXFileReference; fileEncoding = 4; lastKnownFileType = sourcecode.c.objc; path = MethodInvokeDemoController.m; sourceTree = "<group>"; };
		5A8176F920A2A787005FAB2A /* MethodInvokeClass.h */ = {isa = PBXFileReference; lastKnownFileType = sourcecode.c.h; path = MethodInvokeClass.h; sourceTree = "<group>"; };
		5A8176FA20A2A787005FAB2A /* MethodInvokeClass.m */ = {isa = PBXFileReference; lastKnownFileType = sourcecode.c.objc; path = MethodInvokeClass.m; sourceTree = "<group>"; };
/* End PBXFileReference section */

/* Begin PBXFrameworksBuildPhase section */
		5A33EF5C20A1A4F900814CE1 /* Frameworks */ = {
			isa = PBXFrameworksBuildPhase;
			buildActionMask = 2147483647;
			files = (
			);
			runOnlyForDeploymentPostprocessing = 0;
		};
/* End PBXFrameworksBuildPhase section */

/* Begin PBXGroup section */
		5A33EF5620A1A4F900814CE1 = {
			isa = PBXGroup;
			children = (
				5A33EF6120A1A4F900814CE1 /* demo_OC */,
				5A33EF6020A1A4F900814CE1 /* Products */,
			);
			sourceTree = "<group>";
		};
		5A33EF6020A1A4F900814CE1 /* Products */ = {
			isa = PBXGroup;
			children = (
				5A33EF5F20A1A4F900814CE1 /* demo_OC.app */,
			);
			name = Products;
			sourceTree = "<group>";
		};
		5A33EF6120A1A4F900814CE1 /* demo_OC */ = {
			isa = PBXGroup;
			children = (
				5A33EF6220A1A4F900814CE1 /* AppDelegate.h */,
				5A33EF6320A1A4F900814CE1 /* AppDelegate.m */,
				5A33EF6520A1A4F900814CE1 /* ViewController.h */,
				5A33EF6620A1A4F900814CE1 /* ViewController.m */,
				5A33EF6B20A1A4F900814CE1 /* Assets.xcassets */,
				5A33EF6D20A1A4F900814CE1 /* LaunchScreen.storyboard */,
				5A33EF7020A1A4F900814CE1 /* Info.plist */,
				5A33EF7120A1A4F900814CE1 /* main.m */,
				5A33EF7820A1C48500814CE1 /* DemoClass.h */,
				5A33EF7920A1C48500814CE1 /* DemoClass.m */,
				5A8176E720A1D08D005FAB2A /* ClassDemoController.h */,
				5A8176E820A1D08D005FAB2A /* ClassDemoController.m */,
				5A8176EA20A1D9BE005FAB2A /* VarDemoViewController.h */,
				5A8176EB20A1D9BE005FAB2A /* VarDemoViewController.m */,
				5A8176ED20A1DBE8005FAB2A /* MethodDemoViewController.h */,
				5A8176EE20A1DBE8005FAB2A /* MethodDemoViewController.m */,
				5A8176F920A2A787005FAB2A /* MethodInvokeClass.h */,
				5A8176FA20A2A787005FAB2A /* MethodInvokeClass.m */,
				5A8176F620A2A38D005FAB2A /* MethodInvokeDemoController.h */,
				5A8176F720A2A38D005FAB2A /* MethodInvokeDemoController.m */,
				5A8176F320A2A373005FAB2A /* MethodForwardDemoController.h */,
				5A8176F420A2A373005FAB2A /* MethodForwardDemoController.m */,
			);
			path = demo_OC;
			sourceTree = "<group>";
		};
/* End PBXGroup section */

/* Begin PBXNativeTarget section */
		5A33EF5E20A1A4F900814CE1 /* demo_OC */ = {
			isa = PBXNativeTarget;
			buildConfigurationList = 5A33EF7520A1A4F900814CE1 /* Build configuration list for PBXNativeTarget "demo_OC" */;
			buildPhases = (
				5A33EF5B20A1A4F900814CE1 /* Sources */,
				5A33EF5C20A1A4F900814CE1 /* Frameworks */,
				5A33EF5D20A1A4F900814CE1 /* Resources */,
			);
			buildRules = (
			);
			dependencies = (
			);
			name = demo_OC;
			productName = demo_OC;
			productReference = 5A33EF5F20A1A4F900814CE1 /* demo_OC.app */;
			productType = "com.apple.product-type.application";
		};
/* End PBXNativeTarget section */

/* Begin PBXProject section */
		5A33EF5720A1A4F900814CE1 /* Project object */ = {
			isa = PBXProject;
			attributes = {
				LastUpgradeCheck = 0900;
				ORGANIZATIONNAME = liu;
				TargetAttributes = {
					5A33EF5E20A1A4F900814CE1 = {
						CreatedOnToolsVersion = 9.0;
						ProvisioningStyle = Automatic;
					};
				};
			};
			buildConfigurationList = 5A33EF5A20A1A4F900814CE1 /* Build configuration list for PBXProject "demo_OC" */;
			compatibilityVersion = "Xcode 8.0";
			developmentRegion = en;
			hasScannedForEncodings = 0;
			knownRegions = (
				en,
				Base,
			);
			mainGroup = 5A33EF5620A1A4F900814CE1;
			productRefGroup = 5A33EF6020A1A4F900814CE1 /* Products */;
			projectDirPath = "";
			projectRoot = "";
			targets = (
				5A33EF5E20A1A4F900814CE1 /* demo_OC */,
			);
		};
/* End PBXProject section */

/* Begin PBXResourcesBuildPhase section */
		5A33EF5D20A1A4F900814CE1 /* Resources */ = {
			isa = PBXResourcesBuildPhase;
			buildActionMask = 2147483647;
			files = (
				5A33EF6F20A1A4F900814CE1 /* LaunchScreen.storyboard in Resources */,
				5A33EF6C20A1A4F900814CE1 /* Assets.xcassets in Resources */,
			);
			runOnlyForDeploymentPostprocessing = 0;
		};
/* End PBXResourcesBuildPhase section */

/* Begin PBXSourcesBuildPhase section */
		5A33EF5B20A1A4F900814CE1 /* Sources */ = {
			isa = PBXSourcesBuildPhase;
			buildActionMask = 2147483647;
			files = (
				5A33EF6720A1A4F900814CE1 /* ViewController.m in Sources */,
				5A33EF7A20A1C48500814CE1 /* DemoClass.m in Sources */,
				5A8176F820A2A38D005FAB2A /* MethodInvokeDemoController.m in Sources */,
				5A33EF7220A1A4F900814CE1 /* main.m in Sources */,
				5A8176F520A2A373005FAB2A /* MethodForwardDemoController.m in Sources */,
				5A8176FB20A2A787005FAB2A /* MethodInvokeClass.m in Sources */,
				5A33EF6420A1A4F900814CE1 /* AppDelegate.m in Sources */,
				5A8176EF20A1DBE8005FAB2A /* MethodDemoViewController.m in Sources */,
				5A8176E920A1D08D005FAB2A /* ClassDemoController.m in Sources */,
				5A8176EC20A1D9BE005FAB2A /* VarDemoViewController.m in Sources */,
			);
			runOnlyForDeploymentPostprocessing = 0;
		};
/* End PBXSourcesBuildPhase section */

/* Begin PBXVariantGroup section */
		5A33EF6D20A1A4F900814CE1 /* LaunchScreen.storyboard */ = {
			isa = PBXVariantGroup;
			children = (
				5A33EF6E20A1A4F900814CE1 /* Base */,
			);
			name = LaunchScreen.storyboard;
			sourceTree = "<group>";
		};
/* End PBXVariantGroup section */

/* Begin XCBuildConfiguration section */
		5A33EF7320A1A4F900814CE1 /* Debug */ = {
			isa = XCBuildConfiguration;
			buildSettings = {
				ALWAYS_SEARCH_USER_PATHS = NO;
				CLANG_ANALYZER_NONNULL = YES;
				CLANG_ANALYZER_NUMBER_OBJECT_CONVERSION = YES_AGGRESSIVE;
				CLANG_CXX_LANGUAGE_STANDARD = "gnu++14";
				CLANG_CXX_LIBRARY = "libc++";
				CLANG_ENABLE_MODULES = YES;
				CLANG_ENABLE_OBJC_ARC = YES;
				CLANG_WARN_BLOCK_CAPTURE_AUTORELEASING = YES;
				CLANG_WARN_BOOL_CONVERSION = YES;
				CLANG_WARN_COMMA = YES;
				CLANG_WARN_CONSTANT_CONVERSION = YES;
				CLANG_WARN_DIRECT_OBJC_ISA_USAGE = YES_ERROR;
				CLANG_WARN_DOCUMENTATION_COMMENTS = YES;
				CLANG_WARN_EMPTY_BODY = YES;
				CLANG_WARN_ENUM_CONVERSION = YES;
				CLANG_WARN_INFINITE_RECURSION = YES;
				CLANG_WARN_INT_CONVERSION = YES;
				CLANG_WARN_NON_LITERAL_NULL_CONVERSION = YES;
				CLANG_WARN_OBJC_LITERAL_CONVERSION = YES;
				CLANG_WARN_OBJC_ROOT_CLASS = YES_ERROR;
				CLANG_WARN_RANGE_LOOP_ANALYSIS = YES;
				CLANG_WARN_STRICT_PROTOTYPES = YES;
				CLANG_WARN_SUSPICIOUS_MOVE = YES;
				CLANG_WARN_UNGUARDED_AVAILABILITY = YES_AGGRESSIVE;
				CLANG_WARN_UNREACHABLE_CODE = YES;
				CLANG_WARN__DUPLICATE_METHOD_MATCH = YES;
				CODE_SIGN_IDENTITY = "iPhone Developer";
				COPY_PHASE_STRIP = NO;
				DEBUG_INFORMATION_FORMAT = dwarf;
				ENABLE_STRICT_OBJC_MSGSEND = YES;
				ENABLE_TESTABILITY = YES;
				GCC_C_LANGUAGE_STANDARD = gnu11;
				GCC_DYNAMIC_NO_PIC = NO;
				GCC_NO_COMMON_BLOCKS = YES;
				GCC_OPTIMIZATION_LEVEL = 0;
				GCC_PREPROCESSOR_DEFINITIONS = (
					"DEBUG=1",
					"$(inherited)",
				);
				GCC_WARN_64_TO_32_BIT_CONVERSION = YES;
				GCC_WARN_ABOUT_RETURN_TYPE = YES_ERROR;
				GCC_WARN_UNDECLARED_SELECTOR = YES;
				GCC_WARN_UNINITIALIZED_AUTOS = YES_AGGRESSIVE;
				GCC_WARN_UNUSED_FUNCTION = YES;
				GCC_WARN_UNUSED_VARIABLE = YES;
				IPHONEOS_DEPLOYMENT_TARGET = 11.0;
				MTL_ENABLE_DEBUG_INFO = YES;
				ONLY_ACTIVE_ARCH = YES;
				SDKROOT = iphoneos;
			};
			name = Debug;
		};
		5A33EF7420A1A4F900814CE1 /* Release */ = {
			isa = XCBuildConfiguration;
			buildSettings = {
				ALWAYS_SEARCH_USER_PATHS = NO;
				CLANG_ANALYZER_NONNULL = YES;
				CLANG_ANALYZER_NUMBER_OBJECT_CONVERSION = YES_AGGRESSIVE;
				CLANG_CXX_LANGUAGE_STANDARD = "gnu++14";
				CLANG_CXX_LIBRARY = "libc++";
				CLANG_ENABLE_MODULES = YES;
				CLANG_ENABLE_OBJC_ARC = YES;
				CLANG_WARN_BLOCK_CAPTURE_AUTORELEASING = YES;
				CLANG_WARN_BOOL_CONVERSION = YES;
				CLANG_WARN_COMMA = YES;
				CLANG_WARN_CONSTANT_CONVERSION = YES;
				CLANG_WARN_DIRECT_OBJC_ISA_USAGE = YES_ERROR;
				CLANG_WARN_DOCUMENTATION_COMMENTS = YES;
				CLANG_WARN_EMPTY_BODY = YES;
				CLANG_WARN_ENUM_CONVERSION = YES;
				CLANG_WARN_INFINITE_RECURSION = YES;
				CLANG_WARN_INT_CONVERSION = YES;
				CLANG_WARN_NON_LITERAL_NULL_CONVERSION = YES;
				CLANG_WARN_OBJC_LITERAL_CONVERSION = YES;
				CLANG_WARN_OBJC_ROOT_CLASS = YES_ERROR;
				CLANG_WARN_RANGE_LOOP_ANALYSIS = YES;
				CLANG_WARN_STRICT_PROTOTYPES = YES;
				CLANG_WARN_SUSPICIOUS_MOVE = YES;
				CLANG_WARN_UNGUARDED_AVAILABILITY = YES_AGGRESSIVE;
				CLANG_WARN_UNREACHABLE_CODE = YES;
				CLANG_WARN__DUPLICATE_METHOD_MATCH = YES;
				CODE_SIGN_IDENTITY = "iPhone Developer";
				COPY_PHASE_STRIP = NO;
				DEBUG_INFORMATION_FORMAT = "dwarf-with-dsym";
				ENABLE_NS_ASSERTIONS = NO;
				ENABLE_STRICT_OBJC_MSGSEND = YES;
				GCC_C_LANGUAGE_STANDARD = gnu11;
				GCC_NO_COMMON_BLOCKS = YES;
				GCC_WARN_64_TO_32_BIT_CONVERSION = YES;
				GCC_WARN_ABOUT_RETURN_TYPE = YES_ERROR;
				GCC_WARN_UNDECLARED_SELECTOR = YES;
				GCC_WARN_UNINITIALIZED_AUTOS = YES_AGGRESSIVE;
				GCC_WARN_UNUSED_FUNCTION = YES;
				GCC_WARN_UNUSED_VARIABLE = YES;
				IPHONEOS_DEPLOYMENT_TARGET = 11.0;
				MTL_ENABLE_DEBUG_INFO = NO;
				SDKROOT = iphoneos;
				VALIDATE_PRODUCT = YES;
			};
			name = Release;
		};
		5A33EF7620A1A4F900814CE1 /* Debug */ = {
			isa = XCBuildConfiguration;
			buildSettings = {
				ASSETCATALOG_COMPILER_APPICON_NAME = AppIcon;
				CODE_SIGN_STYLE = Automatic;
				DEVELOPMENT_TEAM = TQ3NBJ59K2;
				INFOPLIST_FILE = demo_OC/Info.plist;
				IPHONEOS_DEPLOYMENT_TARGET = 8.0;
				LD_RUNPATH_SEARCH_PATHS = "$(inherited) @executable_path/Frameworks";
				PRODUCT_BUNDLE_IDENTIFIER = "com.liu.demo-OC";
				PRODUCT_NAME = "$(TARGET_NAME)";
				TARGETED_DEVICE_FAMILY = 1;
			};
			name = Debug;
		};
		5A33EF7720A1A4F900814CE1 /* Release */ = {
			isa = XCBuildConfiguration;
			buildSettings = {
				ASSETCATALOG_COMPILER_APPICON_NAME = AppIcon;
				CODE_SIGN_STYLE = Automatic;
				DEVELOPMENT_TEAM = TQ3NBJ59K2;
				INFOPLIST_FILE = demo_OC/Info.plist;
				IPHONEOS_DEPLOYMENT_TARGET = 8.0;
				LD_RUNPATH_SEARCH_PATHS = "$(inherited) @executable_path/Frameworks";
				PRODUCT_BUNDLE_IDENTIFIER = "com.liu.demo-OC";
				PRODUCT_NAME = "$(TARGET_NAME)";
				TARGETED_DEVICE_FAMILY = 1;
			};
			name = Release;
		};
/* End XCBuildConfiguration section */

/* Begin XCConfigurationList section */
		5A33EF5A20A1A4F900814CE1 /* Build configuration list for PBXProject "demo_OC" */ = {
			isa = XCConfigurationList;
			buildConfigurations = (
				5A33EF7320A1A4F900814CE1 /* Debug */,
				5A33EF7420A1A4F900814CE1 /* Release */,
			);
			defaultConfigurationIsVisible = 0;
			defaultConfigurationName = Release;
		};
		5A33EF7520A1A4F900814CE1 /* Build configuration list for PBXNativeTarget "demo_OC" */ = {
			isa = XCConfigurationList;
			buildConfigurations = (
				5A33EF7620A1A4F900814CE1 /* Debug */,
				5A33EF7720A1A4F900814CE1 /* Release */,
			);
			defaultConfigurationIsVisible = 0;
			defaultConfigurationName = Release;
		};
/* End XCConfigurationList section */
	};
	rootObject = 5A33EF5720A1A4F900814CE1 /* Project object */;
}
