// !$*UTF8*$!
{
	archiveVersion = 1;
	classes = {
	};
	objectVersion = 48;
	objects = {

/* Begin PBXBuildFile section */
		5A4A700B2099C12100FED3FF /* AppDelegate.m in Sources */ = {isa = PBXBuildFile; fileRef = 5A4A700A2099C12100FED3FF /* AppDelegate.m */; };
		5A4A700E2099C12100FED3FF /* ViewController.m in Sources */ = {isa = PBXBuildFile; fileRef = 5A4A700D2099C12100FED3FF /* ViewController.m */; };
		5A4A70112099C12100FED3FF /* Main.storyboard in Resources */ = {isa = PBXBuildFile; fileRef = 5A4A700F2099C12100FED3FF /* Main.storyboard */; };
		5A4A70132099C12100FED3FF /* Assets.xcassets in Resources */ = {isa = PBXBuildFile; fileRef = 5A4A70122099C12100FED3FF /* Assets.xcassets */; };
		5A4A70162099C12100FED3FF /* LaunchScreen.storyboard in Resources */ = {isa = PBXBuildFile; fileRef = 5A4A70142099C12100FED3FF /* LaunchScreen.storyboard */; };
		5A4A70192099C12100FED3FF /* main.m in Sources */ = {isa = PBXBuildFile; fileRef = 5A4A70182099C12100FED3FF /* main.m */; };
		5A4A70212099C69500FED3FF /* TestObj.m in Sources */ = {isa = PBXBuildFile; fileRef = 5A4A70202099C69500FED3FF /* TestObj.m */; };
/* End PBXBuildFile section */

/* Begin PBXFileReference section */
		5A4A70062099C12100FED3FF /* invocation.app */ = {isa = PBXFileReference; explicitFileType = wrapper.application; includeInIndex = 0; path = invocation.app; sourceTree = BUILT_PRODUCTS_DIR; };
		5A4A70092099C12100FED3FF /* AppDelegate.h */ = {isa = PBXFileReference; lastKnownFileType = sourcecode.c.h; path = AppDelegate.h; sourceTree = "<group>"; };
		5A4A700A2099C12100FED3FF /* AppDelegate.m */ = {isa = PBXFileReference; lastKnownFileType = sourcecode.c.objc; path = AppDelegate.m; sourceTree = "<group>"; };
		5A4A700C2099C12100FED3FF /* ViewController.h */ = {isa = PBXFileReference; lastKnownFileType = sourcecode.c.h; path = ViewController.h; sourceTree = "<group>"; };
		5A4A700D2099C12100FED3FF /* ViewController.m */ = {isa = PBXFileReference; lastKnownFileType = sourcecode.c.objc; path = ViewController.m; sourceTree = "<group>"; };
		5A4A70102099C12100FED3FF /* Base */ = {isa = PBXFileReference; lastKnownFileType = file.storyboard; name = Base; path = Base.lproj/Main.storyboard; sourceTree = "<group>"; };
		5A4A70122099C12100FED3FF /* Assets.xcassets */ = {isa = PBXFileReference; lastKnownFileType = folder.assetcatalog; path = Assets.xcassets; sourceTree = "<group>"; };
		5A4A70152099C12100FED3FF /* Base */ = {isa = PBXFileReference; lastKnownFileType = file.storyboard; name = Base; path = Base.lproj/LaunchScreen.storyboard; sourceTree = "<group>"; };
		5A4A70172099C12100FED3FF /* Info.plist */ = {isa = PBXFileReference; lastKnownFileType = text.plist.xml; path = Info.plist; sourceTree = "<group>"; };
		5A4A70182099C12100FED3FF /* main.m */ = {isa = PBXFileReference; lastKnownFileType = sourcecode.c.objc; path = main.m; sourceTree = "<group>"; };
		5A4A701F2099C69500FED3FF /* TestObj.h */ = {isa = PBXFileReference; lastKnownFileType = sourcecode.c.h; path = TestObj.h; sourceTree = "<group>"; };
		5A4A70202099C69500FED3FF /* TestObj.m */ = {isa = PBXFileReference; lastKnownFileType = sourcecode.c.objc; path = TestObj.m; sourceTree = "<group>"; };
/* End PBXFileReference section */

/* Begin PBXFrameworksBuildPhase section */
		5A4A70032099C12100FED3FF /* Frameworks */ = {
			isa = PBXFrameworksBuildPhase;
			buildActionMask = 2147483647;
			files = (
			);
			runOnlyForDeploymentPostprocessing = 0;
		};
/* End PBXFrameworksBuildPhase section */

/* Begin PBXGroup section */
		5A4A6FFD2099C12100FED3FF = {
			isa = PBXGroup;
			children = (
				5A4A70082099C12100FED3FF /* invocation */,
				5A4A70072099C12100FED3FF /* Products */,
			);
			sourceTree = "<group>";
		};
		5A4A70072099C12100FED3FF /* Products */ = {
			isa = PBXGroup;
			children = (
				5A4A70062099C12100FED3FF /* invocation.app */,
			);
			name = Products;
			sourceTree = "<group>";
		};
		5A4A70082099C12100FED3FF /* invocation */ = {
			isa = PBXGroup;
			children = (
				5A4A70092099C12100FED3FF /* AppDelegate.h */,
				5A4A700A2099C12100FED3FF /* AppDelegate.m */,
				5A4A700C2099C12100FED3FF /* ViewController.h */,
				5A4A700D2099C12100FED3FF /* ViewController.m */,
				5A4A700F2099C12100FED3FF /* Main.storyboard */,
				5A4A70122099C12100FED3FF /* Assets.xcassets */,
				5A4A70142099C12100FED3FF /* LaunchScreen.storyboard */,
				5A4A70172099C12100FED3FF /* Info.plist */,
				5A4A70182099C12100FED3FF /* main.m */,
				5A4A701F2099C69500FED3FF /* TestObj.h */,
				5A4A70202099C69500FED3FF /* TestObj.m */,
			);
			path = invocation;
			sourceTree = "<group>";
		};
/* End PBXGroup section */

/* Begin PBXNativeTarget section */
		5A4A70052099C12100FED3FF /* invocation */ = {
			isa = PBXNativeTarget;
			buildConfigurationList = 5A4A701C2099C12100FED3FF /* Build configuration list for PBXNativeTarget "invocation" */;
			buildPhases = (
				5A4A70022099C12100FED3FF /* Sources */,
				5A4A70032099C12100FED3FF /* Frameworks */,
				5A4A70042099C12100FED3FF /* Resources */,
			);
			buildRules = (
			);
			dependencies = (
			);
			name = invocation;
			productName = invocation;
			productReference = 5A4A70062099C12100FED3FF /* invocation.app */;
			productType = "com.apple.product-type.application";
		};
/* End PBXNativeTarget section */

/* Begin PBXProject section */
		5A4A6FFE2099C12100FED3FF /* Project object */ = {
			isa = PBXProject;
			attributes = {
				LastUpgradeCheck = 0900;
				ORGANIZATIONNAME = liu;
				TargetAttributes = {
					5A4A70052099C12100FED3FF = {
						CreatedOnToolsVersion = 9.0;
						ProvisioningStyle = Automatic;
					};
				};
			};
			buildConfigurationList = 5A4A70012099C12100FED3FF /* Build configuration list for PBXProject "invocation" */;
			compatibilityVersion = "Xcode 8.0";
			developmentRegion = en;
			hasScannedForEncodings = 0;
			knownRegions = (
				en,
				Base,
			);
			mainGroup = 5A4A6FFD2099C12100FED3FF;
			productRefGroup = 5A4A70072099C12100FED3FF /* Products */;
			projectDirPath = "";
			projectRoot = "";
			targets = (
				5A4A70052099C12100FED3FF /* invocation */,
			);
		};
/* End PBXProject section */

/* Begin PBXResourcesBuildPhase section */
		5A4A70042099C12100FED3FF /* Resources */ = {
			isa = PBXResourcesBuildPhase;
			buildActionMask = 2147483647;
			files = (
				5A4A70162099C12100FED3FF /* LaunchScreen.storyboard in Resources */,
				5A4A70132099C12100FED3FF /* Assets.xcassets in Resources */,
				5A4A70112099C12100FED3FF /* Main.storyboard in Resources */,
			);
			runOnlyForDeploymentPostprocessing = 0;
		};
/* End PBXResourcesBuildPhase section */

/* Begin PBXSourcesBuildPhase section */
		5A4A70022099C12100FED3FF /* Sources */ = {
			isa = PBXSourcesBuildPhase;
			buildActionMask = 2147483647;
			files = (
				5A4A700E2099C12100FED3FF /* ViewController.m in Sources */,
				5A4A70192099C12100FED3FF /* main.m in Sources */,
				5A4A700B2099C12100FED3FF /* AppDelegate.m in Sources */,
				5A4A70212099C69500FED3FF /* TestObj.m in Sources */,
			);
			runOnlyForDeploymentPostprocessing = 0;
		};
/* End PBXSourcesBuildPhase section */

/* Begin PBXVariantGroup section */
		5A4A700F2099C12100FED3FF /* Main.storyboard */ = {
			isa = PBXVariantGroup;
			children = (
				5A4A70102099C12100FED3FF /* Base */,
			);
			name = Main.storyboard;
			sourceTree = "<group>";
		};
		5A4A70142099C12100FED3FF /* LaunchScreen.storyboard */ = {
			isa = PBXVariantGroup;
			children = (
				5A4A70152099C12100FED3FF /* Base */,
			);
			name = LaunchScreen.storyboard;
			sourceTree = "<group>";
		};
/* End PBXVariantGroup section */

/* Begin XCBuildConfiguration section */
		5A4A701A2099C12100FED3FF /* Debug */ = {
			isa = XCBuildConfiguration;
			buildSettings = {
				ALWAYS_SEARCH_USER_PATHS = NO;
				CLANG_ANALYZER_NONNULL = YES;
				CLANG_ANALYZER_NUMBER_OBJECT_CONVERSION = YES_AGGRESSIVE;
				CLANG_CXX_LANGUAGE_STANDARD = "gnu++14";
				CLANG_CXX_LIBRARY = "libc++";
				CLANG_ENABLE_MODULES = YES;
				CLANG_ENABLE_OBJC_ARC = YES;
				CLANG_WARN_BLOCK_CAPTURE_AUTORELEASING = YES;
				CLANG_WARN_BOOL_CONVERSION = YES;
				CLANG_WARN_COMMA = YES;
				CLANG_WARN_CONSTANT_CONVERSION = YES;
				CLANG_WARN_DIRECT_OBJC_ISA_USAGE = YES_ERROR;
				CLANG_WARN_DOCUMENTATION_COMMENTS = YES;
				CLANG_WARN_EMPTY_BODY = YES;
				CLANG_WARN_ENUM_CONVERSION = YES;
				CLANG_WARN_INFINITE_RECURSION = YES;
				CLANG_WARN_INT_CONVERSION = YES;
				CLANG_WARN_NON_LITERAL_NULL_CONVERSION = YES;
				CLANG_WARN_OBJC_LITERAL_CONVERSION = YES;
				CLANG_WARN_OBJC_ROOT_CLASS = YES_ERROR;
				CLANG_WARN_RANGE_LOOP_ANALYSIS = YES;
				CLANG_WARN_STRICT_PROTOTYPES = YES;
				CLANG_WARN_SUSPICIOUS_MOVE = YES;
				CLANG_WARN_UNGUARDED_AVAILABILITY = YES_AGGRESSIVE;
				CLANG_WARN_UNREACHABLE_CODE = YES;
				CLANG_WARN__DUPLICATE_METHOD_MATCH = YES;
				CODE_SIGN_IDENTITY = "iPhone Developer";
				COPY_PHASE_STRIP = NO;
				DEBUG_INFORMATION_FORMAT = dwarf;
				ENABLE_STRICT_OBJC_MSGSEND = YES;
				ENABLE_TESTABILITY = YES;
				GCC_C_LANGUAGE_STANDARD = gnu11;
				GCC_DYNAMIC_NO_PIC = NO;
				GCC_NO_COMMON_BLOCKS = YES;
				GCC_OPTIMIZATION_LEVEL = 0;
				GCC_PREPROCESSOR_DEFINITIONS = (
					"DEBUG=1",
					"$(inherited)",
				);
				GCC_WARN_64_TO_32_BIT_CONVERSION = YES;
				GCC_WARN_ABOUT_RETURN_TYPE = YES_ERROR;
				GCC_WARN_UNDECLARED_SELECTOR = YES;
				GCC_WARN_UNINITIALIZED_AUTOS = YES_AGGRESSIVE;
				GCC_WARN_UNUSED_FUNCTION = YES;
				GCC_WARN_UNUSED_VARIABLE = YES;
				IPHONEOS_DEPLOYMENT_TARGET = 11.0;
				MTL_ENABLE_DEBUG_INFO = YES;
				ONLY_ACTIVE_ARCH = YES;
				SDKROOT = iphoneos;
			};
			name = Debug;
		};
		5A4A701B2099C12100FED3FF /* Release */ = {
			isa = XCBuildConfiguration;
			buildSettings = {
				ALWAYS_SEARCH_USER_PATHS = NO;
				CLANG_ANALYZER_NONNULL = YES;
				CLANG_ANALYZER_NUMBER_OBJECT_CONVERSION = YES_AGGRESSIVE;
				CLANG_CXX_LANGUAGE_STANDARD = "gnu++14";
				CLANG_CXX_LIBRARY = "libc++";
				CLANG_ENABLE_MODULES = YES;
				CLANG_ENABLE_OBJC_ARC = YES;
				CLANG_WARN_BLOCK_CAPTURE_AUTORELEASING = YES;
				CLANG_WARN_BOOL_CONVERSION = YES;
				CLANG_WARN_COMMA = YES;
				CLANG_WARN_CONSTANT_CONVERSION = YES;
				CLANG_WARN_DIRECT_OBJC_ISA_USAGE = YES_ERROR;
				CLANG_WARN_DOCUMENTATION_COMMENTS = YES;
				CLANG_WARN_EMPTY_BODY = YES;
				CLANG_WARN_ENUM_CONVERSION = YES;
				CLANG_WARN_INFINITE_RECURSION = YES;
				CLANG_WARN_INT_CONVERSION = YES;
				CLANG_WARN_NON_LITERAL_NULL_CONVERSION = YES;
				CLANG_WARN_OBJC_LITERAL_CONVERSION = YES;
				CLANG_WARN_OBJC_ROOT_CLASS = YES_ERROR;
				CLANG_WARN_RANGE_LOOP_ANALYSIS = YES;
				CLANG_WARN_STRICT_PROTOTYPES = YES;
				CLANG_WARN_SUSPICIOUS_MOVE = YES;
				CLANG_WARN_UNGUARDED_AVAILABILITY = YES_AGGRESSIVE;
				CLANG_WARN_UNREACHABLE_CODE = YES;
				CLANG_WARN__DUPLICATE_METHOD_MATCH = YES;
				CODE_SIGN_IDENTITY = "iPhone Developer";
				COPY_PHASE_STRIP = NO;
				DEBUG_INFORMATION_FORMAT = "dwarf-with-dsym";
				ENABLE_NS_ASSERTIONS = NO;
				ENABLE_STRICT_OBJC_MSGSEND = YES;
				GCC_C_LANGUAGE_STANDARD = gnu11;
				GCC_NO_COMMON_BLOCKS = YES;
				GCC_WARN_64_TO_32_BIT_CONVERSION = YES;
				GCC_WARN_ABOUT_RETURN_TYPE = YES_ERROR;
				GCC_WARN_UNDECLARED_SELECTOR = YES;
				GCC_WARN_UNINITIALIZED_AUTOS = YES_AGGRESSIVE;
				GCC_WARN_UNUSED_FUNCTION = YES;
				GCC_WARN_UNUSED_VARIABLE = YES;
				IPHONEOS_DEPLOYMENT_TARGET = 11.0;
				MTL_ENABLE_DEBUG_INFO = NO;
				SDKROOT = iphoneos;
				VALIDATE_PRODUCT = YES;
			};
			name = Release;
		};
		5A4A701D2099C12100FED3FF /* Debug */ = {
			isa = XCBuildConfiguration;
			buildSettings = {
				ASSETCATALOG_COMPILER_APPICON_NAME = AppIcon;
				CODE_SIGN_STYLE = Automatic;
				DEVELOPMENT_TEAM = TQ3NBJ59K2;
				INFOPLIST_FILE = invocation/Info.plist;
				IPHONEOS_DEPLOYMENT_TARGET = 8.0;
				LD_RUNPATH_SEARCH_PATHS = "$(inherited) @executable_path/Frameworks";
				PRODUCT_BUNDLE_IDENTIFIER = com.liu.invocation;
				PRODUCT_NAME = "$(TARGET_NAME)";
				TARGETED_DEVICE_FAMILY = "1,2";
			};
			name = Debug;
		};
		5A4A701E2099C12100FED3FF /* Release */ = {
			isa = XCBuildConfiguration;
			buildSettings = {
				ASSETCATALOG_COMPILER_APPICON_NAME = AppIcon;
				CODE_SIGN_STYLE = Automatic;
				DEVELOPMENT_TEAM = TQ3NBJ59K2;
				INFOPLIST_FILE = invocation/Info.plist;
				IPHONEOS_DEPLOYMENT_TARGET = 8.0;
				LD_RUNPATH_SEARCH_PATHS = "$(inherited) @executable_path/Frameworks";
				PRODUCT_BUNDLE_IDENTIFIER = com.liu.invocation;
				PRODUCT_NAME = "$(TARGET_NAME)";
				TARGETED_DEVICE_FAMILY = "1,2";
			};
			name = Release;
		};
/* End XCBuildConfiguration section */

/* Begin XCConfigurationList section */
		5A4A70012099C12100FED3FF /* Build configuration list for PBXProject "invocation" */ = {
			isa = XCConfigurationList;
			buildConfigurations = (
				5A4A701A2099C12100FED3FF /* Debug */,
				5A4A701B2099C12100FED3FF /* Release */,
			);
			defaultConfigurationIsVisible = 0;
			defaultConfigurationName = Release;
		};
		5A4A701C2099C12100FED3FF /* Build configuration list for PBXNativeTarget "invocation" */ = {
			isa = XCConfigurationList;
			buildConfigurations = (
				5A4A701D2099C12100FED3FF /* Debug */,
				5A4A701E2099C12100FED3FF /* Release */,
			);
			defaultConfigurationIsVisible = 0;
			defaultConfigurationName = Release;
		};
/* End XCConfigurationList section */
	};
	rootObject = 5A4A6FFE2099C12100FED3FF /* Project object */;
}
